<?xml version="1.0" encoding="UTF-8"?>
<Scheme
   LastUpgradeVersion = "0720"
   version = "2.0">
   <BuildAction
      parallelizeBuildables = "YES"
      buildImplicitDependencies = "YES">
      <BuildActionEntries>
         <BuildActionEntry
            buildForTesting = "YES"
            buildForRunning = "YES"
            buildForProfiling = "YES"
            buildForArchiving = "YES"
            buildForAnalyzing = "YES">
            <BuildableReference
               BuildableIdentifier = "primary"
               BlueprintIdentifier = "1B193B2F1C823D9D000C3962"
               BuildableName = "EasyBreathe Pascal Watch App.app"
               BlueprintName = "EasyBreathe Pascal Watch App"
               ReferencedContainer = "container:EasyBreathe Pascal.xcodeproj">
            </BuildableReference>
         </BuildActionEntry>
         <BuildActionEntry
            buildForTesting = "YES"
            buildForRunning = "YES"
            buildForProfiling = "YES"
            buildForArchiving = "YES"
            buildForAnalyzing = "YES">
            <BuildableReference
               BuildableIdentifier = "primary"
               BlueprintIdentifier = "1B193B3B1C823D9D000C3962"
               BuildableName = "EasyBreathe Pascal Watch App Extension.appex"
               BlueprintName = "EasyBreathe Pascal Watch App Extension"
               ReferencedContainer = "container:EasyBreathe Pascal.xcodeproj">
            </BuildableReference>
         </BuildActionEntry>
         <BuildActionEntry
            buildForTesting = "YES"
            buildForRunning = "YES"
            buildForProfiling = "YES"
            buildForArchiving = "YES"
            buildForAnalyzing = "YES">
            <BuildableReference
               BuildableIdentifier = "primary"
               BlueprintIdentifier = "1B193B181C823D8F000C3962"
               BuildableName = "EasyBreathe Pascal.app"
               BlueprintName = "EasyBreathe Pascal"
               ReferencedContainer = "container:EasyBreathe Pascal.xcodeproj">
            </BuildableReference>
         </BuildActionEntry>
      </BuildActionEntries>
   </BuildAction>
   <TestAction
      buildConfiguration = "Debug"
      selectedDebuggerIdentifier = "Xcode.DebuggerFoundation.Debugger.LLDB"
      selectedLauncherIdentifier = "Xcode.DebuggerFoundation.Launcher.LLDB"
      shouldUseLaunchSchemeArgsEnv = "YES">
      <Testables>
      </Testables>
      <MacroExpansion>
         <BuildableReference
            BuildableIdentifier = "primary"
            BlueprintIdentifier = "1B193B2F1C823D9D000C3962"
            BuildableName = "EasyBreathe Pascal Watch App.app"
            BlueprintName = "EasyBreathe Pascal Watch App"
            ReferencedContainer = "container:EasyBreathe Pascal.xcodeproj">
         </BuildableReference>
      </MacroExpansion>
      <AdditionalOptions>
      </AdditionalOptions>
   </TestAction>
   <LaunchAction
      buildConfiguration = "Debug"
      selectedDebuggerIdentifier = "Xcode.DebuggerFoundation.Debugger.LLDB"
      selectedLauncherIdentifier = "Xcode.DebuggerFoundation.Launcher.LLDB"
      launchStyle = "0"
      useCustomWorkingDirectory = "NO"
      ignoresPersistentStateOnLaunch = "NO"
      debugDocumentVersioning = "YES"
      debugServiceExtension = "internal"
      allowLocationSimulation = "YES"
      launchAutomaticallySubstyle = "8"
      notificationPayloadFile = "EasyBreathe Pascal Watch App Extension/PushNotificationPayload.apns">
      <RemoteRunnable
         runnableDebuggingMode = "2"
         BundleIdentifier = "com.apple.carousel"
         RemotePath = "/EasyBreathe Pascal">
         <BuildableReference
            BuildableIdentifier = "primary"
            BlueprintIdentifier = "1B193B2F1C823D9D000C3962"
            BuildableName = "EasyBreathe Pascal Watch App.app"
            BlueprintName = "EasyBreathe Pascal Watch App"
            ReferencedContainer = "container:EasyBreathe Pascal.xcodeproj">
         </BuildableReference>
      </RemoteRunnable>
      <MacroExpansion>
         <BuildableReference
            BuildableIdentifier = "primary"
            BlueprintIdentifier = "1B193B2F1C823D9D000C3962"
            BuildableName = "EasyBreathe Pascal Watch App.app"
            BlueprintName = "EasyBreathe Pascal Watch App"
            ReferencedContainer = "container:EasyBreathe Pascal.xcodeproj">
         </BuildableReference>
      </MacroExpansion>
      <AdditionalOptions>
      </AdditionalOptions>
   </LaunchAction>
   <ProfileAction
      buildConfiguration = "Release"
      shouldUseLaunchSchemeArgsEnv = "YES"
      savedToolIdentifier = ""
      useCustomWorkingDirectory = "NO"
      debugDocumentVersioning = "YES"
      launchAutomaticallySubstyle = "8"
      notificationPayloadFile = "EasyBreathe Pascal Watch App Extension/PushNotificationPayload.apns">
      <RemoteRunnable
         runnableDebuggingMode = "2"
         BundleIdentifier = "com.apple.carousel"
         RemotePath = "/EasyBreathe Pascal">
         <BuildableReference
            BuildableIdentifier = "primary"
            BlueprintIdentifier = "1B193B2F1C823D9D000C3962"
            BuildableName = "EasyBreathe Pascal Watch App.app"
            BlueprintName = "EasyBreathe Pascal Watch App"
            ReferencedContainer = "container:EasyBreathe Pascal.xcodeproj">
         </BuildableReference>
      </RemoteRunnable>
      <MacroExpansion>
         <BuildableReference
            BuildableIdentifier = "primary"
            BlueprintIdentifier = "1B193B2F1C823D9D000C3962"
            BuildableName = "EasyBreathe Pascal Watch App.app"
            BlueprintName = "EasyBreathe Pascal Watch App"
            ReferencedContainer = "container:EasyBreathe Pascal.xcodeproj">
         </BuildableReference>
      </MacroExpansion>
   </ProfileAction>
   <AnalyzeAction
      buildConfiguration = "Debug">
   </AnalyzeAction>
   <ArchiveAction
      buildConfiguration = "Release"
      revealArchiveInOrganizer = "YES">
   </ArchiveAction>
</Scheme>
